{
  "name": "@mojule/render-components",
  "version": "2.0.0",
  "lockfileVersion": 1,
  "dependencies": {
    "@mojule/dom-utils": {
      "version": "0.1.2",
      "resolved": "https://registry.npmjs.org/@mojule/dom-utils/-/dom-utils-0.1.2.tgz",
      "integrity": "sha512-d+Tb702awKPM+ArWoRi1Si/rJR6kwsnZYiHEWW2ustawFGRkuylEDqRVhUuSkHSZhJITxZjejav+34SbQ62cOg=="
    },
    "@mojule/flatten": {
      "version": "0.1.3",
      "resolved": "https://registry.npmjs.org/@mojule/flatten/-/flatten-0.1.3.tgz",
      "integrity": "sha1-aEixfN9JcePfLENVXUUcWVCZjps="
    },
    "@mojule/is": {
      "version": "0.1.10",
      "resolved": "https://registry.npmjs.org/@mojule/is/-/is-0.1.10.tgz",
      "integrity": "sha512-lKwvYgD7i2cC06DxkPPA+qqmXXiwDRg1ceqk2XVA1dkhLEL8Rpkm49yuKy1XzCGpMXcW51o62eqR9F2jwyEKgA=="
    },
    "@mojule/path": {
      "version": "1.0.0",
      "resolved": "https://registry.npmjs.org/@mojule/path/-/path-1.0.0.tgz",
      "integrity": "sha512-4wU+BIMsciaYk75HbtifEow9zA+4XKVsvSnTSQ43KNoXWcj0QO6jziYUIPg0TQ6TqKqkSuZNpxiQHtYXYkG3gw=="
    },
    "@mojule/templating": {
      "version": "github:mojule/templating#58a8d74c16a5bef13bd4efcee06316710f002637",
      "dependencies": {
        "@mojule/dom-utils": {
          "version": "0.1.3",
          "resolved": "https://registry.npmjs.org/@mojule/dom-utils/-/dom-utils-0.1.3.tgz",
          "integrity": "sha512-jBz4Ox6x1Q9xy1JQegvBaB1x0ZETRm3W43/be68ps5xa3msFVMVU2KV8SJFXLefzcYcIv+3jhVKybRLnNtA7XA=="
        }
      }
    },
    "@mojule/utils": {
      "version": "0.1.14",
      "resolved": "https://registry.npmjs.org/@mojule/utils/-/utils-0.1.14.tgz",
      "integrity": "sha512-i/0mt+k9lCn9RQlfnfOZnMsVrLOmZrscgi+7y6P6rsTMVL5jR6wmvLi1PUhGQ+D0+Pmhaej1g9LTE0XvGeB6kA=="
    },
    "lodash.range": {
      "version": "3.2.0",
      "resolved": "https://registry.npmjs.org/lodash.range/-/lodash.range-3.2.0.tgz",
      "integrity": "sha1-9GHliPZmg/fq3q3lE+OKaaVloV0="
    }
  }
}
