{
  "name": "render-components",
  "version": "0.1.0",
  "lockfileVersion": 1,
  "dependencies": {
    "@mojule/dom-utils": {
      "version": "0.1.2",
      "resolved": "https://registry.npmjs.org/@mojule/dom-utils/-/dom-utils-0.1.2.tgz",
      "integrity": "sha512-d+Tb702awKPM+ArWoRi1Si/rJR6kwsnZYiHEWW2ustawFGRkuylEDqRVhUuSkHSZhJITxZjejav+34SbQ62cOg=="
    },
    "@mojule/flatten": {
      "version": "0.1.3",
      "resolved": "https://registry.npmjs.org/@mojule/flatten/-/flatten-0.1.3.tgz",
      "integrity": "sha1-aEixfN9JcePfLENVXUUcWVCZjps="
    },
    "@mojule/is": {
      "version": "0.1.10",
      "resolved": "https://registry.npmjs.org/@mojule/is/-/is-0.1.10.tgz",
      "integrity": "sha512-lKwvYgD7i2cC06DxkPPA+qqmXXiwDRg1ceqk2XVA1dkhLEL8Rpkm49yuKy1XzCGpMXcW51o62eqR9F2jwyEKgA=="
    },
    "@mojule/templating": {
      "version": "1.0.1",
      "resolved": "https://registry.npmjs.org/@mojule/templating/-/templating-1.0.1.tgz",
      "integrity": "sha512-gmYi+GgAC48UVInuVQiEhnyJE/4FHmOYN06sR0MCJB6OZOpwM4ad2sc/xDqDNWYnaa5tq5w3Fu0aA73F0P21Fw=="
    },
    "@mojule/utils": {
      "version": "0.1.14",
      "resolved": "https://registry.npmjs.org/@mojule/utils/-/utils-0.1.14.tgz",
      "integrity": "sha512-i/0mt+k9lCn9RQlfnfOZnMsVrLOmZrscgi+7y6P6rsTMVL5jR6wmvLi1PUhGQ+D0+Pmhaej1g9LTE0XvGeB6kA=="
    },
    "lodash.range": {
      "version": "3.2.0",
      "resolved": "https://registry.npmjs.org/lodash.range/-/lodash.range-3.2.0.tgz",
      "integrity": "sha1-9GHliPZmg/fq3q3lE+OKaaVloV0="
    }
  }
}
